
Microsoft Visual Studio Solution File, Format Version 12.00
# Visual Studio Version 17
VisualStudioVersion = 17.2.32519.379
MinimumVisualStudioVersion = 10.0.40219.1
Project("{9A19103F-16F7-4668-BE54-9A1E7A4F7556}") = "BattleRise.DesktopClient", "BattleRise.DesktopClient\BattleRise.DesktopClient.csproj", "{94AAA423-6DF2-4644-B0E7-A304EF87EF27}"
EndProject
Project("{9A19103F-16F7-4668-BE54-9A1E7A4F7556}") = "BattleRise.Models", "BattleRise.Models\BattleRise.Models.csproj", "{CC78F8E0-472A-4C62-A7C1-03EAEC4438A6}"
EndProject
Project("{FAE04EC0-301F-11D3-BF4B-00C04F79EFBC}") = "BattleRise.SaveStorage", "SaveStorage\BattleRise.SaveStorage.csproj", "{B61D1FC1-B8BE-49C4-88B4-1476B93650BA}"
EndProject
Global
	GlobalSection(SolutionConfigurationPlatforms) = preSolution
		Debug|Any CPU = Debug|Any CPU
		Release|Any CPU = Release|Any CPU
	EndGlobalSection
	GlobalSection(ProjectConfigurationPlatforms) = postSolution
		{94AAA423-6DF2-4644-B0E7-A304EF87EF27}.Debug|Any CPU.ActiveCfg = Debug|Any CPU
		{94AAA423-6DF2-4644-B0E7-A304EF87EF27}.Debug|Any CPU.Build.0 = Debug|Any CPU
		{94AAA423-6DF2-4644-B0E7-A304EF87EF27}.Release|Any CPU.ActiveCfg = Release|Any CPU
		{94AAA423-6DF2-4644-B0E7-A304EF87EF27}.Release|Any CPU.Build.0 = Release|Any CPU
		{CC78F8E0-472A-4C62-A7C1-03EAEC4438A6}.Debug|Any CPU.ActiveCfg = Debug|Any CPU
		{CC78F8E0-472A-4C62-A7C1-03EAEC4438A6}.Debug|Any CPU.Build.0 = Debug|Any CPU
		{CC78F8E0-472A-4C62-A7C1-03EAEC4438A6}.Release|Any CPU.ActiveCfg = Release|Any CPU
		{CC78F8E0-472A-4C62-A7C1-03EAEC4438A6}.Release|Any CPU.Build.0 = Release|Any CPU
		{B61D1FC1-B8BE-49C4-88B4-1476B93650BA}.Debug|Any CPU.ActiveCfg = Debug|Any CPU
		{B61D1FC1-B8BE-49C4-88B4-1476B93650BA}.Debug|Any CPU.Build.0 = Debug|Any CPU
		{B61D1FC1-B8BE-49C4-88B4-1476B93650BA}.Release|Any CPU.ActiveCfg = Release|Any CPU
		{B61D1FC1-B8BE-49C4-88B4-1476B93650BA}.Release|Any CPU.Build.0 = Release|Any CPU
	EndGlobalSection
	GlobalSection(SolutionProperties) = preSolution
		HideSolutionNode = FALSE
	EndGlobalSection
	GlobalSection(ExtensibilityGlobals) = postSolution
		SolutionGuid = {6B016E36-0C94-4159-AAD2-EFC4F7904559}
	EndGlobalSection
EndGlobal
